
Microsoft Visual Studio Solution File, Format Version 12.00
# Visual Studio 14
VisualStudioVersion = 14.0.25420.1
MinimumVisualStudioVersion = 10.0.40219.1
Project("{FAE04EC0-301F-11D3-BF4B-00C04F79EFBC}") = "Zipkin", "src\Zipkin\Zipkin.csproj", "{97B93C51-406B-44B4-864E-21E131622E5A}"
EndProject
Project("{FAE04EC0-301F-11D3-BF4B-00C04F79EFBC}") = "Zipkin.Tests", "tests\Zipkin.Tests\Zipkin.Tests.csproj", "{D59CD805-BE5E-4EAC-9F34-829C539F0920}"
EndProject
Project("{FAE04EC0-301F-11D3-BF4B-00C04F79EFBC}") = "Zipkin.Benchmarks", "tests\Zipkin.Benchmarks\Zipkin.Benchmarks.csproj", "{44F24708-C76A-47C5-BF31-6E383EB03010}"
EndProject
Project("{2150E333-8FDC-42A3-9474-1A3956D46DE8}") = "Solution Items", "Solution Items", "{ABA8B196-F67E-4E04-85EF-7EC3AB358248}"
	ProjectSection(SolutionItems) = preProject
		LICENSE = LICENSE
		Zipkin.nuspec = Zipkin.nuspec
		Zipkin.RabbitMq.nuspec = Zipkin.RabbitMq.nuspec
	EndProjectSection
EndProject
Project("{FAE04EC0-301F-11D3-BF4B-00C04F79EFBC}") = "Zipkin.RabbitMq", "src\Zipkin.RabbitMq\Zipkin.RabbitMq.csproj", "{CA53D8FB-2BF2-42E9-82AD-A4CE544B1A18}"
EndProject
Project("{2150E333-8FDC-42A3-9474-1A3956D46DE8}") = "QA", "QA", "{B3B97367-9244-4D78-93E7-55B8D7A83421}"
EndProject
Project("{2150E333-8FDC-42A3-9474-1A3956D46DE8}") = "Sample", "Sample", "{2299BE7C-E4B8-46EF-9A6D-70A838D84F3E}"
EndProject
Project("{FAE04EC0-301F-11D3-BF4B-00C04F79EFBC}") = "Client", "sample\Client\Client.csproj", "{EF7308F6-7C13-415E-A8F6-18C09B6A4B2B}"
EndProject
Project("{FAE04EC0-301F-11D3-BF4B-00C04F79EFBC}") = "Server", "sample\Server\Server.csproj", "{9F5E976B-A9B9-4C3F-8450-A22B64FFF38F}"
EndProject
Global
	GlobalSection(SolutionConfigurationPlatforms) = preSolution
		Debug|Any CPU = Debug|Any CPU
		Release|Any CPU = Release|Any CPU
	EndGlobalSection
	GlobalSection(ProjectConfigurationPlatforms) = postSolution
		{97B93C51-406B-44B4-864E-21E131622E5A}.Debug|Any CPU.ActiveCfg = Debug|Any CPU
		{97B93C51-406B-44B4-864E-21E131622E5A}.Debug|Any CPU.Build.0 = Debug|Any CPU
		{97B93C51-406B-44B4-864E-21E131622E5A}.Release|Any CPU.ActiveCfg = Release|Any CPU
		{97B93C51-406B-44B4-864E-21E131622E5A}.Release|Any CPU.Build.0 = Release|Any CPU
		{D59CD805-BE5E-4EAC-9F34-829C539F0920}.Debug|Any CPU.ActiveCfg = Debug|Any CPU
		{D59CD805-BE5E-4EAC-9F34-829C539F0920}.Debug|Any CPU.Build.0 = Debug|Any CPU
		{D59CD805-BE5E-4EAC-9F34-829C539F0920}.Release|Any CPU.ActiveCfg = Release|Any CPU
		{D59CD805-BE5E-4EAC-9F34-829C539F0920}.Release|Any CPU.Build.0 = Release|Any CPU
		{44F24708-C76A-47C5-BF31-6E383EB03010}.Debug|Any CPU.ActiveCfg = Debug|Any CPU
		{44F24708-C76A-47C5-BF31-6E383EB03010}.Debug|Any CPU.Build.0 = Debug|Any CPU
		{44F24708-C76A-47C5-BF31-6E383EB03010}.Release|Any CPU.ActiveCfg = Release|Any CPU
		{44F24708-C76A-47C5-BF31-6E383EB03010}.Release|Any CPU.Build.0 = Release|Any CPU
		{CA53D8FB-2BF2-42E9-82AD-A4CE544B1A18}.Debug|Any CPU.ActiveCfg = Debug|Any CPU
		{CA53D8FB-2BF2-42E9-82AD-A4CE544B1A18}.Debug|Any CPU.Build.0 = Debug|Any CPU
		{CA53D8FB-2BF2-42E9-82AD-A4CE544B1A18}.Release|Any CPU.ActiveCfg = Release|Any CPU
		{CA53D8FB-2BF2-42E9-82AD-A4CE544B1A18}.Release|Any CPU.Build.0 = Release|Any CPU
		{EF7308F6-7C13-415E-A8F6-18C09B6A4B2B}.Debug|Any CPU.ActiveCfg = Debug|Any CPU
		{EF7308F6-7C13-415E-A8F6-18C09B6A4B2B}.Debug|Any CPU.Build.0 = Debug|Any CPU
		{EF7308F6-7C13-415E-A8F6-18C09B6A4B2B}.Release|Any CPU.ActiveCfg = Release|Any CPU
		{EF7308F6-7C13-415E-A8F6-18C09B6A4B2B}.Release|Any CPU.Build.0 = Release|Any CPU
		{9F5E976B-A9B9-4C3F-8450-A22B64FFF38F}.Debug|Any CPU.ActiveCfg = Debug|Any CPU
		{9F5E976B-A9B9-4C3F-8450-A22B64FFF38F}.Debug|Any CPU.Build.0 = Debug|Any CPU
		{9F5E976B-A9B9-4C3F-8450-A22B64FFF38F}.Release|Any CPU.ActiveCfg = Release|Any CPU
		{9F5E976B-A9B9-4C3F-8450-A22B64FFF38F}.Release|Any CPU.Build.0 = Release|Any CPU
	EndGlobalSection
	GlobalSection(SolutionProperties) = preSolution
		HideSolutionNode = FALSE
	EndGlobalSection
	GlobalSection(NestedProjects) = preSolution
		{D59CD805-BE5E-4EAC-9F34-829C539F0920} = {B3B97367-9244-4D78-93E7-55B8D7A83421}
		{44F24708-C76A-47C5-BF31-6E383EB03010} = {B3B97367-9244-4D78-93E7-55B8D7A83421}
		{EF7308F6-7C13-415E-A8F6-18C09B6A4B2B} = {2299BE7C-E4B8-46EF-9A6D-70A838D84F3E}
		{9F5E976B-A9B9-4C3F-8450-A22B64FFF38F} = {2299BE7C-E4B8-46EF-9A6D-70A838D84F3E}
	EndGlobalSection
EndGlobal
